
Microsoft Visual Studio Solution File, Format Version 12.00
# Visual Studio Version 17
VisualStudioVersion = 17.5.002.0
MinimumVisualStudioVersion = 10.0.40219.1
Project("{9A19103F-16F7-4668-BE54-9A1E7A4F7556}") = "MoneyFlow", "MoneyFlow.csproj", "{B9FEA315-D7EA-4653-9EF0-D6696F40D1D3}"
EndProject
Project("{FAE04EC0-301F-11D3-BF4B-00C04F79EFBC}") = "TrackingDatabase", "Data\TrackingDatabase.csproj", "{A914DCBC-A34E-498A-A950-AB3BC446A6B1}"
EndProject
Project("{FAE04EC0-301F-11D3-BF4B-00C04F79EFBC}") = "Domain", "Domain\Domain.csproj", "{62614FF6-E1C7-474A-81BB-632A41AE1296}"
EndProject
Global
	GlobalSection(SolutionConfigurationPlatforms) = preSolution
		Debug|Any CPU = Debug|Any CPU
		Release|Any CPU = Release|Any CPU
	EndGlobalSection
	GlobalSection(ProjectConfigurationPlatforms) = postSolution
		{B9FEA315-D7EA-4653-9EF0-D6696F40D1D3}.Debug|Any CPU.ActiveCfg = Debug|Any CPU
		{B9FEA315-D7EA-4653-9EF0-D6696F40D1D3}.Debug|Any CPU.Build.0 = Debug|Any CPU
		{B9FEA315-D7EA-4653-9EF0-D6696F40D1D3}.Release|Any CPU.ActiveCfg = Release|Any CPU
		{B9FEA315-D7EA-4653-9EF0-D6696F40D1D3}.Release|Any CPU.Build.0 = Release|Any CPU
		{A914DCBC-A34E-498A-A950-AB3BC446A6B1}.Debug|Any CPU.ActiveCfg = Debug|Any CPU
		{A914DCBC-A34E-498A-A950-AB3BC446A6B1}.Debug|Any CPU.Build.0 = Debug|Any CPU
		{A914DCBC-A34E-498A-A950-AB3BC446A6B1}.Release|Any CPU.ActiveCfg = Release|Any CPU
		{A914DCBC-A34E-498A-A950-AB3BC446A6B1}.Release|Any CPU.Build.0 = Release|Any CPU
		{62614FF6-E1C7-474A-81BB-632A41AE1296}.Debug|Any CPU.ActiveCfg = Debug|Any CPU
		{62614FF6-E1C7-474A-81BB-632A41AE1296}.Debug|Any CPU.Build.0 = Debug|Any CPU
		{62614FF6-E1C7-474A-81BB-632A41AE1296}.Release|Any CPU.ActiveCfg = Release|Any CPU
		{62614FF6-E1C7-474A-81BB-632A41AE1296}.Release|Any CPU.Build.0 = Release|Any CPU
	EndGlobalSection
	GlobalSection(SolutionProperties) = preSolution
		HideSolutionNode = FALSE
	EndGlobalSection
	GlobalSection(ExtensibilityGlobals) = postSolution
		SolutionGuid = {1B1A77E0-6E32-40EB-8EB4-260A84865518}
	EndGlobalSection
EndGlobal
